
Microsoft Visual Studio Solution File, Format Version 12.00
# Visual Studio 15
VisualStudioVersion = 15.0.27130.2010
MinimumVisualStudioVersion = 10.0.40219.1
Project("{9A19103F-16F7-4668-BE54-9A1E7A4F7556}") = "StarStuff.Web", "StarStuff.Web\StarStuff.Web.csproj", "{CC388506-9766-4C91-9022-F11FA8BAE73A}"
EndProject
Project("{9A19103F-16F7-4668-BE54-9A1E7A4F7556}") = "StarStuff.Data", "StarStuff.Data\StarStuff.Data.csproj", "{0DAB6619-6467-45B5-A5FE-E9A1F967E8D7}"
EndProject
Project("{9A19103F-16F7-4668-BE54-9A1E7A4F7556}") = "StarStuff.Services", "StarStuff.Services\StarStuff.Services.csproj", "{D8FD6C58-C40A-4AD7-A978-3E03ECB3A7D6}"
EndProject
Project("{9A19103F-16F7-4668-BE54-9A1E7A4F7556}") = "StarStuff.Test", "StarStuff.Test\StarStuff.Test.csproj", "{7C7A5DDE-BEB4-4572-B39F-0FB56276E847}"
EndProject
Project("{FAE04EC0-301F-11D3-BF4B-00C04F79EFBC}") = "StarStuff.Common", "StarStuff.Common\StarStuff.Common.csproj", "{674BF1E7-AA41-44BC-A985-65C3010BB82E}"
EndProject
Global
	GlobalSection(SolutionConfigurationPlatforms) = preSolution
		Debug|Any CPU = Debug|Any CPU
		Release|Any CPU = Release|Any CPU
	EndGlobalSection
	GlobalSection(ProjectConfigurationPlatforms) = postSolution
		{CC388506-9766-4C91-9022-F11FA8BAE73A}.Debug|Any CPU.ActiveCfg = Debug|Any CPU
		{CC388506-9766-4C91-9022-F11FA8BAE73A}.Debug|Any CPU.Build.0 = Debug|Any CPU
		{CC388506-9766-4C91-9022-F11FA8BAE73A}.Release|Any CPU.ActiveCfg = Release|Any CPU
		{CC388506-9766-4C91-9022-F11FA8BAE73A}.Release|Any CPU.Build.0 = Release|Any CPU
		{0DAB6619-6467-45B5-A5FE-E9A1F967E8D7}.Debug|Any CPU.ActiveCfg = Debug|Any CPU
		{0DAB6619-6467-45B5-A5FE-E9A1F967E8D7}.Debug|Any CPU.Build.0 = Debug|Any CPU
		{0DAB6619-6467-45B5-A5FE-E9A1F967E8D7}.Release|Any CPU.ActiveCfg = Release|Any CPU
		{0DAB6619-6467-45B5-A5FE-E9A1F967E8D7}.Release|Any CPU.Build.0 = Release|Any CPU
		{D8FD6C58-C40A-4AD7-A978-3E03ECB3A7D6}.Debug|Any CPU.ActiveCfg = Debug|Any CPU
		{D8FD6C58-C40A-4AD7-A978-3E03ECB3A7D6}.Debug|Any CPU.Build.0 = Debug|Any CPU
		{D8FD6C58-C40A-4AD7-A978-3E03ECB3A7D6}.Release|Any CPU.ActiveCfg = Release|Any CPU
		{D8FD6C58-C40A-4AD7-A978-3E03ECB3A7D6}.Release|Any CPU.Build.0 = Release|Any CPU
		{7C7A5DDE-BEB4-4572-B39F-0FB56276E847}.Debug|Any CPU.ActiveCfg = Debug|Any CPU
		{7C7A5DDE-BEB4-4572-B39F-0FB56276E847}.Debug|Any CPU.Build.0 = Debug|Any CPU
		{7C7A5DDE-BEB4-4572-B39F-0FB56276E847}.Release|Any CPU.ActiveCfg = Release|Any CPU
		{7C7A5DDE-BEB4-4572-B39F-0FB56276E847}.Release|Any CPU.Build.0 = Release|Any CPU
		{674BF1E7-AA41-44BC-A985-65C3010BB82E}.Debug|Any CPU.ActiveCfg = Debug|Any CPU
		{674BF1E7-AA41-44BC-A985-65C3010BB82E}.Debug|Any CPU.Build.0 = Debug|Any CPU
		{674BF1E7-AA41-44BC-A985-65C3010BB82E}.Release|Any CPU.ActiveCfg = Release|Any CPU
		{674BF1E7-AA41-44BC-A985-65C3010BB82E}.Release|Any CPU.Build.0 = Release|Any CPU
	EndGlobalSection
	GlobalSection(SolutionProperties) = preSolution
		HideSolutionNode = FALSE
	EndGlobalSection
	GlobalSection(ExtensibilityGlobals) = postSolution
		SolutionGuid = {59072425-A99C-43EC-8113-8E6540FDB617}
	EndGlobalSection
EndGlobal
